
Microsoft Visual Studio Solution File, Format Version 12.00
# Visual Studio Version 17
VisualStudioVersion = 17.10.35027.167
MinimumVisualStudioVersion = 10.0.40219.1
Project("{FAE04EC0-301F-11D3-BF4B-00C04F79EFBC}") = "EGuerrero_ExamenP1", "EGuerrero_ExamenP1\EGuerrero_ExamenP1.csproj", "{1C075C10-0495-4640-A8CA-331CC4795043}"
EndProject
Global
	GlobalSection(SolutionConfigurationPlatforms) = preSolution
		Debug|Any CPU = Debug|Any CPU
		Release|Any CPU = Release|Any CPU
	EndGlobalSection
	GlobalSection(ProjectConfigurationPlatforms) = postSolution
		{1C075C10-0495-4640-A8CA-331CC4795043}.Debug|Any CPU.ActiveCfg = Debug|Any CPU
		{1C075C10-0495-4640-A8CA-331CC4795043}.Debug|Any CPU.Build.0 = Debug|Any CPU
		{1C075C10-0495-4640-A8CA-331CC4795043}.Release|Any CPU.ActiveCfg = Release|Any CPU
		{1C075C10-0495-4640-A8CA-331CC4795043}.Release|Any CPU.Build.0 = Release|Any CPU
	EndGlobalSection
	GlobalSection(SolutionProperties) = preSolution
		HideSolutionNode = FALSE
	EndGlobalSection
	GlobalSection(ExtensibilityGlobals) = postSolution
		SolutionGuid = {838239AC-6C9D-4969-AA6E-341592190A4B}
	EndGlobalSection
EndGlobal
